
Microsoft Visual Studio Solution File, Format Version 12.00
# Visual Studio Version 17
VisualStudioVersion = 17.4.33213.308
MinimumVisualStudioVersion = 10.0.40219.1
Project("{FAE04EC0-301F-11D3-BF4B-00C04F79EFBC}") = "CookBook", "CookBook\CookBook.csproj", "{055BC99F-3149-417B-96C7-95E30D4DD7F5}"
EndProject
Global
	GlobalSection(SolutionConfigurationPlatforms) = preSolution
		Debug|Any CPU = Debug|Any CPU
		Release|Any CPU = Release|Any CPU
	EndGlobalSection
	GlobalSection(ProjectConfigurationPlatforms) = postSolution
		{055BC99F-3149-417B-96C7-95E30D4DD7F5}.Debug|Any CPU.ActiveCfg = Debug|Any CPU
		{055BC99F-3149-417B-96C7-95E30D4DD7F5}.Debug|Any CPU.Build.0 = Debug|Any CPU
		{055BC99F-3149-417B-96C7-95E30D4DD7F5}.Release|Any CPU.ActiveCfg = Release|Any CPU
		{055BC99F-3149-417B-96C7-95E30D4DD7F5}.Release|Any CPU.Build.0 = Release|Any CPU
	EndGlobalSection
	GlobalSection(SolutionProperties) = preSolution
		HideSolutionNode = FALSE
	EndGlobalSection
	GlobalSection(ExtensibilityGlobals) = postSolution
		SolutionGuid = {A0786179-A95D-4996-A3DE-6BCC20482213}
	EndGlobalSection
EndGlobal
